
Microsoft Visual Studio Solution File, Format Version 12.00
# Visual Studio Version 17
VisualStudioVersion = 17.2.32526.322
MinimumVisualStudioVersion = 10.0.40219.1
Project("{9A19103F-16F7-4668-BE54-9A1E7A4F7556}") = "MarcelMelzig.TestEnvironment", "MarcelMelzig.TestEnvironment\MarcelMelzig.TestEnvironment.csproj", "{690838B4-A6E2-4CA7-A4CD-ADA1009CB18F}"
EndProject
Project("{9A19103F-16F7-4668-BE54-9A1E7A4F7556}") = "TestProjectExample", "TestProjectExample\TestProjectExample.csproj", "{B3FF88E5-9C2F-4A3F-BCD1-0F78804EFEA7}"
EndProject
Project("{9A19103F-16F7-4668-BE54-9A1E7A4F7556}") = "AppExample", "AppExample\AppExample.csproj", "{07394E8C-1E59-4FDE-B0A7-575544C623FA}"
EndProject
Project("{2150E333-8FDC-42A3-9474-1A3956D46DE8}") = "Solution Items", "Solution Items", "{A36C0E54-01B3-481E-B04D-5C3A93B2E25E}"
	ProjectSection(SolutionItems) = preProject
		Directory.Packages.props = Directory.Packages.props
		.github\workflows\production.yml = .github\workflows\production.yml
		README.md = README.md
		Seat-Belt-256.png = Seat-Belt-256.png
	EndProjectSection
EndProject
Global
	GlobalSection(SolutionConfigurationPlatforms) = preSolution
		Debug|Any CPU = Debug|Any CPU
		Release|Any CPU = Release|Any CPU
	EndGlobalSection
	GlobalSection(ProjectConfigurationPlatforms) = postSolution
		{690838B4-A6E2-4CA7-A4CD-ADA1009CB18F}.Debug|Any CPU.ActiveCfg = Debug|Any CPU
		{690838B4-A6E2-4CA7-A4CD-ADA1009CB18F}.Debug|Any CPU.Build.0 = Debug|Any CPU
		{690838B4-A6E2-4CA7-A4CD-ADA1009CB18F}.Release|Any CPU.ActiveCfg = Release|Any CPU
		{690838B4-A6E2-4CA7-A4CD-ADA1009CB18F}.Release|Any CPU.Build.0 = Release|Any CPU
		{B3FF88E5-9C2F-4A3F-BCD1-0F78804EFEA7}.Debug|Any CPU.ActiveCfg = Debug|Any CPU
		{B3FF88E5-9C2F-4A3F-BCD1-0F78804EFEA7}.Debug|Any CPU.Build.0 = Debug|Any CPU
		{B3FF88E5-9C2F-4A3F-BCD1-0F78804EFEA7}.Release|Any CPU.ActiveCfg = Release|Any CPU
		{B3FF88E5-9C2F-4A3F-BCD1-0F78804EFEA7}.Release|Any CPU.Build.0 = Release|Any CPU
		{07394E8C-1E59-4FDE-B0A7-575544C623FA}.Debug|Any CPU.ActiveCfg = Debug|Any CPU
		{07394E8C-1E59-4FDE-B0A7-575544C623FA}.Debug|Any CPU.Build.0 = Debug|Any CPU
		{07394E8C-1E59-4FDE-B0A7-575544C623FA}.Release|Any CPU.ActiveCfg = Release|Any CPU
		{07394E8C-1E59-4FDE-B0A7-575544C623FA}.Release|Any CPU.Build.0 = Release|Any CPU
	EndGlobalSection
	GlobalSection(SolutionProperties) = preSolution
		HideSolutionNode = FALSE
	EndGlobalSection
	GlobalSection(ExtensibilityGlobals) = postSolution
		SolutionGuid = {9C4352D5-49D7-4ACE-8215-FAD59CEF3C17}
	EndGlobalSection
EndGlobal
